
Microsoft Visual Studio Solution File, Format Version 12.00
# Visual Studio Version 17
VisualStudioVersion = 17.0.31903.59
MinimumVisualStudioVersion = 10.0.40219.1
Project("{9A19103F-16F7-4668-BE54-9A1E7A4F7556}") = "PeoplePortal", "PeoplePortal\PeoplePortal.csproj", "{FF614AC5-3E01-4DBC-94DC-79FF2F24E22E}"
EndProject
Global
	GlobalSection(SolutionConfigurationPlatforms) = preSolution
		Debug|Any CPU = Debug|Any CPU
		Release|Any CPU = Release|Any CPU
	EndGlobalSection
	GlobalSection(ProjectConfigurationPlatforms) = postSolution
		{FF614AC5-3E01-4DBC-94DC-79FF2F24E22E}.Debug|Any CPU.ActiveCfg = Debug|Any CPU
		{FF614AC5-3E01-4DBC-94DC-79FF2F24E22E}.Debug|Any CPU.Build.0 = Debug|Any CPU
		{FF614AC5-3E01-4DBC-94DC-79FF2F24E22E}.Release|Any CPU.ActiveCfg = Release|Any CPU
		{FF614AC5-3E01-4DBC-94DC-79FF2F24E22E}.Release|Any CPU.Build.0 = Release|Any CPU
	EndGlobalSection
	GlobalSection(SolutionProperties) = preSolution
		HideSolutionNode = FALSE
	EndGlobalSection
	GlobalSection(ExtensibilityGlobals) = postSolution
		SolutionGuid = {00317C44-8E9A-4EC5-A87F-78158A1860E7}
	EndGlobalSection
EndGlobal
